
Microsoft Visual Studio Solution File, Format Version 12.00
# Visual Studio 2013
VisualStudioVersion = 12.0.21005.1
MinimumVisualStudioVersion = 10.0.40219.1
Project("{FAE04EC0-301F-11D3-BF4B-00C04F79EFBC}") = "BigDataScienceHub", "BigDataScienceHub\BigDataScienceHub.csproj", "{D2ACF36F-FA87-4BA0-B643-02F9656FD88E}"
EndProject
Global
	GlobalSection(SolutionConfigurationPlatforms) = preSolution
		Debug|Any CPU = Debug|Any CPU
		Release|Any CPU = Release|Any CPU
	EndGlobalSection
	GlobalSection(ProjectConfigurationPlatforms) = postSolution
		{D2ACF36F-FA87-4BA0-B643-02F9656FD88E}.Debug|Any CPU.ActiveCfg = Debug|Any CPU
		{D2ACF36F-FA87-4BA0-B643-02F9656FD88E}.Debug|Any CPU.Build.0 = Debug|Any CPU
		{D2ACF36F-FA87-4BA0-B643-02F9656FD88E}.Release|Any CPU.ActiveCfg = Release|Any CPU
		{D2ACF36F-FA87-4BA0-B643-02F9656FD88E}.Release|Any CPU.Build.0 = Release|Any CPU
	EndGlobalSection
	GlobalSection(SolutionProperties) = preSolution
		HideSolutionNode = FALSE
	EndGlobalSection
EndGlobal
